// !$*UTF8*$!
{
	archiveVersion = 1;
	classes = {
	};
	objectVersion = 46;
	objects = {

/* Begin PBXBuildFile section */
		470DF3B2FDFFC1486342A77A /* Pods_WeiBo.framework in Frameworks */ = {isa = PBXBuildFile; fileRef = E20F4D726B52D2318092C14E /* Pods_WeiBo.framework */; };
		601556A71E4872D400780708 /* AppDelegate.swift in Sources */ = {isa = PBXBuildFile; fileRef = 601556A61E4872D400780708 /* AppDelegate.swift */; };
		601556AC1E4872D400780708 /* Main.storyboard in Resources */ = {isa = PBXBuildFile; fileRef = 601556AA1E4872D400780708 /* Main.storyboard */; };
		601556AE1E4872D400780708 /* Assets.xcassets in Resources */ = {isa = PBXBuildFile; fileRef = 601556AD1E4872D400780708 /* Assets.xcassets */; };
		601556B11E4872D400780708 /* LaunchScreen.storyboard in Resources */ = {isa = PBXBuildFile; fileRef = 601556AF1E4872D400780708 /* LaunchScreen.storyboard */; };
		601556BC1E4872D400780708 /* WeiBoTests.swift in Sources */ = {isa = PBXBuildFile; fileRef = 601556BB1E4872D400780708 /* WeiBoTests.swift */; };
		601556C71E4872D400780708 /* WeiBoUITests.swift in Sources */ = {isa = PBXBuildFile; fileRef = 601556C61E4872D400780708 /* WeiBoUITests.swift */; };
		601556DB1E495FCE00780708 /* MainViewController.swift in Sources */ = {isa = PBXBuildFile; fileRef = 601556DA1E495FCE00780708 /* MainViewController.swift */; };
		601556DD1E496A2800780708 /* HomeViewController.swift in Sources */ = {isa = PBXBuildFile; fileRef = 601556DC1E496A2800780708 /* HomeViewController.swift */; };
		601556DF1E496A3900780708 /* DiscoverViewController.swift in Sources */ = {isa = PBXBuildFile; fileRef = 601556DE1E496A3900780708 /* DiscoverViewController.swift */; };
		601556E11E496A4900780708 /* MessageViewController.swift in Sources */ = {isa = PBXBuildFile; fileRef = 601556E01E496A4900780708 /* MessageViewController.swift */; };
		601556E31E496A5C00780708 /* ProfileViewController.swift in Sources */ = {isa = PBXBuildFile; fileRef = 601556E21E496A5C00780708 /* ProfileViewController.swift */; };
		601556EA1E4999D600780708 /* MainVCSettings.json in Resources */ = {isa = PBXBuildFile; fileRef = 601556E91E4999D600780708 /* MainVCSettings.json */; };
		6027900C1ED6D07D00985651 /* UITextView-Extension.swift in Sources */ = {isa = PBXBuildFile; fileRef = 6027900B1ED6D07D00985651 /* UITextView-Extension.swift */; };
		602790481EDE95EF00985651 /* FIndEmoticon.swift in Sources */ = {isa = PBXBuildFile; fileRef = 602790471EDE95EF00985651 /* FIndEmoticon.swift */; };
		6027904B1EDFB43800985651 /* PhotoBrowserViewController.swift in Sources */ = {isa = PBXBuildFile; fileRef = 6027904A1EDFB43800985651 /* PhotoBrowserViewController.swift */; };
		6027904D1EE003CC00985651 /* PhotoBrowserCollectionViewCell.swift in Sources */ = {isa = PBXBuildFile; fileRef = 6027904C1EE003CC00985651 /* PhotoBrowserCollectionViewCell.swift */; };
		602E9E2A1ECBEB4500D25320 /* ComposeViewController.swift in Sources */ = {isa = PBXBuildFile; fileRef = 602E9E281ECBEB4500D25320 /* ComposeViewController.swift */; };
		602E9E2B1ECBEB4500D25320 /* ComposeViewController.xib in Resources */ = {isa = PBXBuildFile; fileRef = 602E9E291ECBEB4500D25320 /* ComposeViewController.xib */; };
		602E9E2D1ECBF38500D25320 /* ComposeTitleView.swift in Sources */ = {isa = PBXBuildFile; fileRef = 602E9E2C1ECBF38500D25320 /* ComposeTitleView.swift */; };
		602E9E2F1ECC1D0500D25320 /* ComposeTextView.swift in Sources */ = {isa = PBXBuildFile; fileRef = 602E9E2E1ECC1D0500D25320 /* ComposeTextView.swift */; };
		602E9E321ECD41BF00D25320 /* PicPickerCollectionView.swift in Sources */ = {isa = PBXBuildFile; fileRef = 602E9E311ECD41BF00D25320 /* PicPickerCollectionView.swift */; };
		602E9E351ECD81A800D25320 /* PictureCollectionViewCell.swift in Sources */ = {isa = PBXBuildFile; fileRef = 602E9E331ECD81A800D25320 /* PictureCollectionViewCell.swift */; };
		602E9E361ECD81A800D25320 /* PictureCollectionViewCell.xib in Resources */ = {isa = PBXBuildFile; fileRef = 602E9E341ECD81A800D25320 /* PictureCollectionViewCell.xib */; };
		602E9E391ECE952F00D25320 /* EmoticonViewController.swift in Sources */ = {isa = PBXBuildFile; fileRef = 602E9E381ECE952F00D25320 /* EmoticonViewController.swift */; };
		602E9E3B1ED27C6D00D25320 /* Emoticons.bundle in Resources */ = {isa = PBXBuildFile; fileRef = 602E9E3A1ED27C6D00D25320 /* Emoticons.bundle */; };
		602E9E3E1ED27CE400D25320 /* EmoticomPackage.swift in Sources */ = {isa = PBXBuildFile; fileRef = 602E9E3D1ED27CE400D25320 /* EmoticomPackage.swift */; };
		602E9E401ED27D1A00D25320 /* EmoticonManager.swift in Sources */ = {isa = PBXBuildFile; fileRef = 602E9E3F1ED27D1A00D25320 /* EmoticonManager.swift */; };
		602E9E421ED27D3200D25320 /* Emoticon.swift in Sources */ = {isa = PBXBuildFile; fileRef = 602E9E411ED27D3200D25320 /* Emoticon.swift */; };
		602E9E441ED28DBD00D25320 /* EmoticonCollectionViewCell.swift in Sources */ = {isa = PBXBuildFile; fileRef = 602E9E431ED28DBD00D25320 /* EmoticonCollectionViewCell.swift */; };
		602E9E461ED2D93D00D25320 /* EmoticonAttachment.swift in Sources */ = {isa = PBXBuildFile; fileRef = 602E9E451ED2D93D00D25320 /* EmoticonAttachment.swift */; };
		603251C01E820D830078D17A /* PicCollectionView.swift in Sources */ = {isa = PBXBuildFile; fileRef = 603251BF1E820D830078D17A /* PicCollectionView.swift */; };
		603416161E69143A007C6CEB /* OAuthViewController.swift in Sources */ = {isa = PBXBuildFile; fileRef = 603416141E69143A007C6CEB /* OAuthViewController.swift */; };
		603416171E69143A007C6CEB /* OAuthViewController.xib in Resources */ = {isa = PBXBuildFile; fileRef = 603416151E69143A007C6CEB /* OAuthViewController.xib */; };
		6049BC071EE6589F009A9D90 /* ProgressView.swift in Sources */ = {isa = PBXBuildFile; fileRef = 6049BC061EE6589F009A9D90 /* ProgressView.swift */; };
		6049BC6A1EE94657009A9D90 /* PhotoBrowserAnimator.swift in Sources */ = {isa = PBXBuildFile; fileRef = 6049BC691EE94657009A9D90 /* PhotoBrowserAnimator.swift */; };
		604AF0661E63D1C700AD3CC2 /* Home.storyboard in Resources */ = {isa = PBXBuildFile; fileRef = 604AF0641E63D1C700AD3CC2 /* Home.storyboard */; };
		604AF0681E63D20800AD3CC2 /* Message.storyboard in Resources */ = {isa = PBXBuildFile; fileRef = 604AF0671E63D20800AD3CC2 /* Message.storyboard */; };
		604AF06B1E63D23500AD3CC2 /* Discover.storyboard in Resources */ = {isa = PBXBuildFile; fileRef = 604AF0691E63D23500AD3CC2 /* Discover.storyboard */; };
		604AF06D1E63D25000AD3CC2 /* Profile.storyboard in Resources */ = {isa = PBXBuildFile; fileRef = 604AF06C1E63D25000AD3CC2 /* Profile.storyboard */; };
		604AF0711E640D2D00AD3CC2 /* UIButton-backImage.swift in Sources */ = {isa = PBXBuildFile; fileRef = 604AF0701E640D2D00AD3CC2 /* UIButton-backImage.swift */; };
		608677271E77BAF6005A9FC7 /* HomeViewCell.swift in Sources */ = {isa = PBXBuildFile; fileRef = 608677261E77BAF6005A9FC7 /* HomeViewCell.swift */; };
		60A5E2791E6F91CE0015585D /* UserAccountViewModel.swift in Sources */ = {isa = PBXBuildFile; fileRef = 60A5E2781E6F91CE0015585D /* UserAccountViewModel.swift */; };
		60A5E27D1E6F9F280015585D /* WelcomeViewController.swift in Sources */ = {isa = PBXBuildFile; fileRef = 60A5E27B1E6F9F280015585D /* WelcomeViewController.swift */; };
		60A5E27E1E6F9F280015585D /* WelcomeViewController.xib in Resources */ = {isa = PBXBuildFile; fileRef = 60A5E27C1E6F9F280015585D /* WelcomeViewController.xib */; };
		60C277801E6CF86A008F5083 /* UserAccount.swift in Sources */ = {isa = PBXBuildFile; fileRef = 60C2777F1E6CF86A008F5083 /* UserAccount.swift */; };
		60D54ACA1E6FFBB100A634C8 /* Status.swift in Sources */ = {isa = PBXBuildFile; fileRef = 60D54AC91E6FFBB100A634C8 /* Status.swift */; };
		60D54ACC1E70EF6000A634C8 /* Date-Extension.swift in Sources */ = {isa = PBXBuildFile; fileRef = 60D54ACB1E70EF6000A634C8 /* Date-Extension.swift */; };
		60D54ACE1E727E1000A634C8 /* User.swift in Sources */ = {isa = PBXBuildFile; fileRef = 60D54ACD1E727E1000A634C8 /* User.swift */; };
		60D54AD01E7297F000A634C8 /* StatusViewModel.swift in Sources */ = {isa = PBXBuildFile; fileRef = 60D54ACF1E7297F000A634C8 /* StatusViewModel.swift */; };
		60FF00031E666DE20000741C /* WxkPch.swift in Sources */ = {isa = PBXBuildFile; fileRef = 60FF00021E666DE20000741C /* WxkPch.swift */; };
		60FF00051E66A7820000741C /* PopoverAnimator.swift in Sources */ = {isa = PBXBuildFile; fileRef = 60FF00041E66A7820000741C /* PopoverAnimator.swift */; };
		60FF00071E67EADA0000741C /* NetworkTools.swift in Sources */ = {isa = PBXBuildFile; fileRef = 60FF00061E67EADA0000741C /* NetworkTools.swift */; };
		60FFFFF01E6519550000741C /* BaseViewController.swift in Sources */ = {isa = PBXBuildFile; fileRef = 60FFFFEF1E6519550000741C /* BaseViewController.swift */; };
		60FFFFF21E651BAF0000741C /* VisitorView.swift in Sources */ = {isa = PBXBuildFile; fileRef = 60FFFFF11E651BAF0000741C /* VisitorView.swift */; };
		60FFFFF41E651BBA0000741C /* VisitorView.xib in Resources */ = {isa = PBXBuildFile; fileRef = 60FFFFF31E651BBA0000741C /* VisitorView.xib */; };
		60FFFFF61E656FC50000741C /* UIBarButtonItem-Extension.swift in Sources */ = {isa = PBXBuildFile; fileRef = 60FFFFF51E656FC50000741C /* UIBarButtonItem-Extension.swift */; };
		60FFFFF81E657C0E0000741C /* TitleButton.swift in Sources */ = {isa = PBXBuildFile; fileRef = 60FFFFF71E657C0E0000741C /* TitleButton.swift */; };
		60FFFFFC1E665BCE0000741C /* PopoverViewController.swift in Sources */ = {isa = PBXBuildFile; fileRef = 60FFFFFA1E665BCE0000741C /* PopoverViewController.swift */; };
		60FFFFFD1E665BCE0000741C /* PopoverViewController.xib in Resources */ = {isa = PBXBuildFile; fileRef = 60FFFFFB1E665BCE0000741C /* PopoverViewController.xib */; };
		60FFFFFF1E6669140000741C /* WxkPresentationController.swift in Sources */ = {isa = PBXBuildFile; fileRef = 60FFFFFE1E6669140000741C /* WxkPresentationController.swift */; };
/* End PBXBuildFile section */

/* Begin PBXContainerItemProxy section */
		601556B81E4872D400780708 /* PBXContainerItemProxy */ = {
			isa = PBXContainerItemProxy;
			containerPortal = 6015569B1E4872D400780708 /* Project object */;
			proxyType = 1;
			remoteGlobalIDString = 601556A21E4872D400780708;
			remoteInfo = WeiBo;
		};
		601556C31E4872D400780708 /* PBXContainerItemProxy */ = {
			isa = PBXContainerItemProxy;
			containerPortal = 6015569B1E4872D400780708 /* Project object */;
			proxyType = 1;
			remoteGlobalIDString = 601556A21E4872D400780708;
			remoteInfo = WeiBo;
		};
/* End PBXContainerItemProxy section */

/* Begin PBXFileReference section */
		601556A31E4872D400780708 /* WeiBo.app */ = {isa = PBXFileReference; explicitFileType = wrapper.application; includeInIndex = 0; path = WeiBo.app; sourceTree = BUILT_PRODUCTS_DIR; };
		601556A61E4872D400780708 /* AppDelegate.swift */ = {isa = PBXFileReference; lastKnownFileType = sourcecode.swift; path = AppDelegate.swift; sourceTree = "<group>"; };
		601556AB1E4872D400780708 /* Base */ = {isa = PBXFileReference; lastKnownFileType = file.storyboard; name = Base; path = Base.lproj/Main.storyboard; sourceTree = "<group>"; };
		601556AD1E4872D400780708 /* Assets.xcassets */ = {isa = PBXFileReference; lastKnownFileType = folder.assetcatalog; path = Assets.xcassets; sourceTree = "<group>"; };
		601556B01E4872D400780708 /* Base */ = {isa = PBXFileReference; lastKnownFileType = file.storyboard; name = Base; path = Base.lproj/LaunchScreen.storyboard; sourceTree = "<group>"; };
		601556B21E4872D400780708 /* Info.plist */ = {isa = PBXFileReference; lastKnownFileType = text.plist.xml; path = Info.plist; sourceTree = "<group>"; };
		601556B71E4872D400780708 /* WeiBoTests.xctest */ = {isa = PBXFileReference; explicitFileType = wrapper.cfbundle; includeInIndex = 0; path = WeiBoTests.xctest; sourceTree = BUILT_PRODUCTS_DIR; };
		601556BB1E4872D400780708 /* WeiBoTests.swift */ = {isa = PBXFileReference; lastKnownFileType = sourcecode.swift; path = WeiBoTests.swift; sourceTree = "<group>"; };
		601556BD1E4872D400780708 /* Info.plist */ = {isa = PBXFileReference; lastKnownFileType = text.plist.xml; path = Info.plist; sourceTree = "<group>"; };
		601556C21E4872D400780708 /* WeiBoUITests.xctest */ = {isa = PBXFileReference; explicitFileType = wrapper.cfbundle; includeInIndex = 0; path = WeiBoUITests.xctest; sourceTree = BUILT_PRODUCTS_DIR; };
		601556C61E4872D400780708 /* WeiBoUITests.swift */ = {isa = PBXFileReference; lastKnownFileType = sourcecode.swift; path = WeiBoUITests.swift; sourceTree = "<group>"; };
		601556C81E4872D400780708 /* Info.plist */ = {isa = PBXFileReference; lastKnownFileType = text.plist.xml; path = Info.plist; sourceTree = "<group>"; };
		601556DA1E495FCE00780708 /* MainViewController.swift */ = {isa = PBXFileReference; fileEncoding = 4; lastKnownFileType = sourcecode.swift; path = MainViewController.swift; sourceTree = "<group>"; };
		601556DC1E496A2800780708 /* HomeViewController.swift */ = {isa = PBXFileReference; fileEncoding = 4; lastKnownFileType = sourcecode.swift; path = HomeViewController.swift; sourceTree = "<group>"; };
		601556DE1E496A3900780708 /* DiscoverViewController.swift */ = {isa = PBXFileReference; fileEncoding = 4; lastKnownFileType = sourcecode.swift; path = DiscoverViewController.swift; sourceTree = "<group>"; };
		601556E01E496A4900780708 /* MessageViewController.swift */ = {isa = PBXFileReference; fileEncoding = 4; lastKnownFileType = sourcecode.swift; path = MessageViewController.swift; sourceTree = "<group>"; };
		601556E21E496A5C00780708 /* ProfileViewController.swift */ = {isa = PBXFileReference; fileEncoding = 4; lastKnownFileType = sourcecode.swift; path = ProfileViewController.swift; sourceTree = "<group>"; };
		601556E91E4999D600780708 /* MainVCSettings.json */ = {isa = PBXFileReference; fileEncoding = 4; lastKnownFileType = text.json; path = MainVCSettings.json; sourceTree = "<group>"; };
		6027900B1ED6D07D00985651 /* UITextView-Extension.swift */ = {isa = PBXFileReference; fileEncoding = 4; lastKnownFileType = sourcecode.swift; path = "UITextView-Extension.swift"; sourceTree = "<group>"; };
		602790471EDE95EF00985651 /* FIndEmoticon.swift */ = {isa = PBXFileReference; fileEncoding = 4; lastKnownFileType = sourcecode.swift; path = FIndEmoticon.swift; sourceTree = "<group>"; };
		6027904A1EDFB43800985651 /* PhotoBrowserViewController.swift */ = {isa = PBXFileReference; fileEncoding = 4; lastKnownFileType = sourcecode.swift; path = PhotoBrowserViewController.swift; sourceTree = "<group>"; };
		6027904C1EE003CC00985651 /* PhotoBrowserCollectionViewCell.swift */ = {isa = PBXFileReference; fileEncoding = 4; lastKnownFileType = sourcecode.swift; path = PhotoBrowserCollectionViewCell.swift; sourceTree = "<group>"; };
		602E9E281ECBEB4500D25320 /* ComposeViewController.swift */ = {isa = PBXFileReference; fileEncoding = 4; lastKnownFileType = sourcecode.swift; path = ComposeViewController.swift; sourceTree = "<group>"; };
		602E9E291ECBEB4500D25320 /* ComposeViewController.xib */ = {isa = PBXFileReference; fileEncoding = 4; lastKnownFileType = file.xib; path = ComposeViewController.xib; sourceTree = "<group>"; };
		602E9E2C1ECBF38500D25320 /* ComposeTitleView.swift */ = {isa = PBXFileReference; fileEncoding = 4; lastKnownFileType = sourcecode.swift; path = ComposeTitleView.swift; sourceTree = "<group>"; };
		602E9E2E1ECC1D0500D25320 /* ComposeTextView.swift */ = {isa = PBXFileReference; fileEncoding = 4; lastKnownFileType = sourcecode.swift; path = ComposeTextView.swift; sourceTree = "<group>"; };
		602E9E311ECD41BF00D25320 /* PicPickerCollectionView.swift */ = {isa = PBXFileReference; fileEncoding = 4; lastKnownFileType = sourcecode.swift; path = PicPickerCollectionView.swift; sourceTree = "<group>"; };
		602E9E331ECD81A800D25320 /* PictureCollectionViewCell.swift */ = {isa = PBXFileReference; fileEncoding = 4; lastKnownFileType = sourcecode.swift; path = PictureCollectionViewCell.swift; sourceTree = "<group>"; };
		602E9E341ECD81A800D25320 /* PictureCollectionViewCell.xib */ = {isa = PBXFileReference; fileEncoding = 4; lastKnownFileType = file.xib; path = PictureCollectionViewCell.xib; sourceTree = "<group>"; };
		602E9E381ECE952F00D25320 /* EmoticonViewController.swift */ = {isa = PBXFileReference; fileEncoding = 4; lastKnownFileType = sourcecode.swift; path = EmoticonViewController.swift; sourceTree = "<group>"; };
		602E9E3A1ED27C6D00D25320 /* Emoticons.bundle */ = {isa = PBXFileReference; lastKnownFileType = "wrapper.plug-in"; path = Emoticons.bundle; sourceTree = "<group>"; };
		602E9E3D1ED27CE400D25320 /* EmoticomPackage.swift */ = {isa = PBXFileReference; fileEncoding = 4; lastKnownFileType = sourcecode.swift; path = EmoticomPackage.swift; sourceTree = "<group>"; };
		602E9E3F1ED27D1A00D25320 /* EmoticonManager.swift */ = {isa = PBXFileReference; fileEncoding = 4; lastKnownFileType = sourcecode.swift; path = EmoticonManager.swift; sourceTree = "<group>"; };
		602E9E411ED27D3200D25320 /* Emoticon.swift */ = {isa = PBXFileReference; fileEncoding = 4; lastKnownFileType = sourcecode.swift; path = Emoticon.swift; sourceTree = "<group>"; };
		602E9E431ED28DBD00D25320 /* EmoticonCollectionViewCell.swift */ = {isa = PBXFileReference; fileEncoding = 4; lastKnownFileType = sourcecode.swift; path = EmoticonCollectionViewCell.swift; sourceTree = "<group>"; };
		602E9E451ED2D93D00D25320 /* EmoticonAttachment.swift */ = {isa = PBXFileReference; fileEncoding = 4; lastKnownFileType = sourcecode.swift; path = EmoticonAttachment.swift; sourceTree = "<group>"; };
		603251BF1E820D830078D17A /* PicCollectionView.swift */ = {isa = PBXFileReference; fileEncoding = 4; lastKnownFileType = sourcecode.swift; path = PicCollectionView.swift; sourceTree = "<group>"; };
		603416141E69143A007C6CEB /* OAuthViewController.swift */ = {isa = PBXFileReference; fileEncoding = 4; lastKnownFileType = sourcecode.swift; path = OAuthViewController.swift; sourceTree = "<group>"; };
		603416151E69143A007C6CEB /* OAuthViewController.xib */ = {isa = PBXFileReference; fileEncoding = 4; lastKnownFileType = file.xib; path = OAuthViewController.xib; sourceTree = "<group>"; };
		6049BC061EE6589F009A9D90 /* ProgressView.swift */ = {isa = PBXFileReference; fileEncoding = 4; lastKnownFileType = sourcecode.swift; path = ProgressView.swift; sourceTree = "<group>"; };
		6049BC691EE94657009A9D90 /* PhotoBrowserAnimator.swift */ = {isa = PBXFileReference; fileEncoding = 4; lastKnownFileType = sourcecode.swift; path = PhotoBrowserAnimator.swift; sourceTree = "<group>"; };
		604AF0651E63D1C700AD3CC2 /* Base */ = {isa = PBXFileReference; lastKnownFileType = file.storyboard; name = Base; path = Base.lproj/Home.storyboard; sourceTree = "<group>"; };
		604AF0671E63D20800AD3CC2 /* Message.storyboard */ = {isa = PBXFileReference; fileEncoding = 4; lastKnownFileType = file.storyboard; name = Message.storyboard; path = ../../Message.storyboard; sourceTree = "<group>"; };
		604AF06A1E63D23500AD3CC2 /* Base */ = {isa = PBXFileReference; lastKnownFileType = file.storyboard; name = Base; path = Base.lproj/Discover.storyboard; sourceTree = "<group>"; };
		604AF06C1E63D25000AD3CC2 /* Profile.storyboard */ = {isa = PBXFileReference; fileEncoding = 4; lastKnownFileType = file.storyboard; name = Profile.storyboard; path = ../../Profile.storyboard; sourceTree = "<group>"; };
		604AF0701E640D2D00AD3CC2 /* UIButton-backImage.swift */ = {isa = PBXFileReference; fileEncoding = 4; lastKnownFileType = sourcecode.swift; path = "UIButton-backImage.swift"; sourceTree = "<group>"; };
		608677261E77BAF6005A9FC7 /* HomeViewCell.swift */ = {isa = PBXFileReference; fileEncoding = 4; lastKnownFileType = sourcecode.swift; path = HomeViewCell.swift; sourceTree = "<group>"; };
		60A5E2781E6F91CE0015585D /* UserAccountViewModel.swift */ = {isa = PBXFileReference; fileEncoding = 4; lastKnownFileType = sourcecode.swift; path = UserAccountViewModel.swift; sourceTree = "<group>"; };
		60A5E27B1E6F9F280015585D /* WelcomeViewController.swift */ = {isa = PBXFileReference; fileEncoding = 4; lastKnownFileType = sourcecode.swift; path = WelcomeViewController.swift; sourceTree = "<group>"; };
		60A5E27C1E6F9F280015585D /* WelcomeViewController.xib */ = {isa = PBXFileReference; fileEncoding = 4; lastKnownFileType = file.xib; path = WelcomeViewController.xib; sourceTree = "<group>"; };
		60C2777F1E6CF86A008F5083 /* UserAccount.swift */ = {isa = PBXFileReference; fileEncoding = 4; lastKnownFileType = sourcecode.swift; path = UserAccount.swift; sourceTree = "<group>"; };
		60D54AC91E6FFBB100A634C8 /* Status.swift */ = {isa = PBXFileReference; fileEncoding = 4; lastKnownFileType = sourcecode.swift; path = Status.swift; sourceTree = "<group>"; };
		60D54ACB1E70EF6000A634C8 /* Date-Extension.swift */ = {isa = PBXFileReference; fileEncoding = 4; lastKnownFileType = sourcecode.swift; path = "Date-Extension.swift"; sourceTree = "<group>"; };
		60D54ACD1E727E1000A634C8 /* User.swift */ = {isa = PBXFileReference; fileEncoding = 4; lastKnownFileType = sourcecode.swift; path = User.swift; sourceTree = "<group>"; };
		60D54ACF1E7297F000A634C8 /* StatusViewModel.swift */ = {isa = PBXFileReference; fileEncoding = 4; lastKnownFileType = sourcecode.swift; path = StatusViewModel.swift; sourceTree = "<group>"; };
		60FF00021E666DE20000741C /* WxkPch.swift */ = {isa = PBXFileReference; fileEncoding = 4; lastKnownFileType = sourcecode.swift; path = WxkPch.swift; sourceTree = "<group>"; };
		60FF00041E66A7820000741C /* PopoverAnimator.swift */ = {isa = PBXFileReference; fileEncoding = 4; lastKnownFileType = sourcecode.swift; path = PopoverAnimator.swift; sourceTree = "<group>"; };
		60FF00061E67EADA0000741C /* NetworkTools.swift */ = {isa = PBXFileReference; fileEncoding = 4; lastKnownFileType = sourcecode.swift; path = NetworkTools.swift; sourceTree = "<group>"; };
		60FFFFEF1E6519550000741C /* BaseViewController.swift */ = {isa = PBXFileReference; fileEncoding = 4; lastKnownFileType = sourcecode.swift; path = BaseViewController.swift; sourceTree = "<group>"; };
		60FFFFF11E651BAF0000741C /* VisitorView.swift */ = {isa = PBXFileReference; fileEncoding = 4; lastKnownFileType = sourcecode.swift; path = VisitorView.swift; sourceTree = "<group>"; };
		60FFFFF31E651BBA0000741C /* VisitorView.xib */ = {isa = PBXFileReference; fileEncoding = 4; lastKnownFileType = file.xib; path = VisitorView.xib; sourceTree = "<group>"; };
		60FFFFF51E656FC50000741C /* UIBarButtonItem-Extension.swift */ = {isa = PBXFileReference; fileEncoding = 4; lastKnownFileType = sourcecode.swift; path = "UIBarButtonItem-Extension.swift"; sourceTree = "<group>"; };
		60FFFFF71E657C0E0000741C /* TitleButton.swift */ = {isa = PBXFileReference; fileEncoding = 4; lastKnownFileType = sourcecode.swift; path = TitleButton.swift; sourceTree = "<group>"; };
		60FFFFFA1E665BCE0000741C /* PopoverViewController.swift */ = {isa = PBXFileReference; fileEncoding = 4; lastKnownFileType = sourcecode.swift; path = PopoverViewController.swift; sourceTree = "<group>"; };
		60FFFFFB1E665BCE0000741C /* PopoverViewController.xib */ = {isa = PBXFileReference; fileEncoding = 4; lastKnownFileType = file.xib; path = PopoverViewController.xib; sourceTree = "<group>"; };
		60FFFFFE1E6669140000741C /* WxkPresentationController.swift */ = {isa = PBXFileReference; fileEncoding = 4; lastKnownFileType = sourcecode.swift; path = WxkPresentationController.swift; sourceTree = "<group>"; };
		68FA7913325AB7FA3BAE31B9 /* Pods-WeiBo.debug.xcconfig */ = {isa = PBXFileReference; includeInIndex = 1; lastKnownFileType = text.xcconfig; name = "Pods-WeiBo.debug.xcconfig"; path = "Pods/Target Support Files/Pods-WeiBo/Pods-WeiBo.debug.xcconfig"; sourceTree = "<group>"; };
		CCDEF3D7D23090999D84E23A /* Pods-WeiBo.release.xcconfig */ = {isa = PBXFileReference; includeInIndex = 1; lastKnownFileType = text.xcconfig; name = "Pods-WeiBo.release.xcconfig"; path = "Pods/Target Support Files/Pods-WeiBo/Pods-WeiBo.release.xcconfig"; sourceTree = "<group>"; };
		E20F4D726B52D2318092C14E /* Pods_WeiBo.framework */ = {isa = PBXFileReference; explicitFileType = wrapper.framework; includeInIndex = 0; path = Pods_WeiBo.framework; sourceTree = BUILT_PRODUCTS_DIR; };
/* End PBXFileReference section */

/* Begin PBXFrameworksBuildPhase section */
		601556A01E4872D400780708 /* Frameworks */ = {
			isa = PBXFrameworksBuildPhase;
			buildActionMask = 2147483647;
			files = (
				470DF3B2FDFFC1486342A77A /* Pods_WeiBo.framework in Frameworks */,
			);
			runOnlyForDeploymentPostprocessing = 0;
		};
		601556B41E4872D400780708 /* Frameworks */ = {
			isa = PBXFrameworksBuildPhase;
			buildActionMask = 2147483647;
			files = (
			);
			runOnlyForDeploymentPostprocessing = 0;
		};
		601556BF1E4872D400780708 /* Frameworks */ = {
			isa = PBXFrameworksBuildPhase;
			buildActionMask = 2147483647;
			files = (
			);
			runOnlyForDeploymentPostprocessing = 0;
		};
/* End PBXFrameworksBuildPhase section */

/* Begin PBXGroup section */
		288D70ECAA2CE99511CCE1E7 /* Frameworks */ = {
			isa = PBXGroup;
			children = (
				E20F4D726B52D2318092C14E /* Pods_WeiBo.framework */,
			);
			name = Frameworks;
			sourceTree = "<group>";
		};
		32B7CA964B16C13734EEB0F0 /* Pods */ = {
			isa = PBXGroup;
			children = (
				68FA7913325AB7FA3BAE31B9 /* Pods-WeiBo.debug.xcconfig */,
				CCDEF3D7D23090999D84E23A /* Pods-WeiBo.release.xcconfig */,
			);
			name = Pods;
			sourceTree = "<group>";
		};
		6015569A1E4872D400780708 = {
			isa = PBXGroup;
			children = (
				601556A51E4872D400780708 /* WeiBo */,
				601556BA1E4872D400780708 /* WeiBoTests */,
				601556C51E4872D400780708 /* WeiBoUITests */,
				601556A41E4872D400780708 /* Products */,
				32B7CA964B16C13734EEB0F0 /* Pods */,
				288D70ECAA2CE99511CCE1E7 /* Frameworks */,
			);
			sourceTree = "<group>";
		};
		601556A41E4872D400780708 /* Products */ = {
			isa = PBXGroup;
			children = (
				601556A31E4872D400780708 /* WeiBo.app */,
				601556B71E4872D400780708 /* WeiBoTests.xctest */,
				601556C21E4872D400780708 /* WeiBoUITests.xctest */,
			);
			name = Products;
			sourceTree = "<group>";
		};
		601556A51E4872D400780708 /* WeiBo */ = {
			isa = PBXGroup;
			children = (
				601556D41E495DA700780708 /* Classes */,
				601556A61E4872D400780708 /* AppDelegate.swift */,
				601556AA1E4872D400780708 /* Main.storyboard */,
				601556AD1E4872D400780708 /* Assets.xcassets */,
				601556AF1E4872D400780708 /* LaunchScreen.storyboard */,
				601556B21E4872D400780708 /* Info.plist */,
			);
			path = WeiBo;
			sourceTree = "<group>";
		};
		601556BA1E4872D400780708 /* WeiBoTests */ = {
			isa = PBXGroup;
			children = (
				601556BB1E4872D400780708 /* WeiBoTests.swift */,
				601556BD1E4872D400780708 /* Info.plist */,
			);
			path = WeiBoTests;
			sourceTree = "<group>";
		};
		601556C51E4872D400780708 /* WeiBoUITests */ = {
			isa = PBXGroup;
			children = (
				601556C61E4872D400780708 /* WeiBoUITests.swift */,
				601556C81E4872D400780708 /* Info.plist */,
			);
			path = WeiBoUITests;
			sourceTree = "<group>";
		};
		601556D41E495DA700780708 /* Classes */ = {
			isa = PBXGroup;
			children = (
				602E9E271ECBEB0300D25320 /* Compose */,
				604AF06E1E640CEF00AD3CC2 /* Tools */,
				601556D51E495DA700780708 /* Discover */,
				601556D61E495DA700780708 /* Home */,
				601556D71E495DA700780708 /* Main */,
				601556D81E495DA700780708 /* Message */,
				601556D91E495DA700780708 /* Profile */,
			);
			path = Classes;
			sourceTree = "<group>";
		};
		601556D51E495DA700780708 /* Discover */ = {
			isa = PBXGroup;
			children = (
				601556DE1E496A3900780708 /* DiscoverViewController.swift */,
				604AF0691E63D23500AD3CC2 /* Discover.storyboard */,
			);
			path = Discover;
			sourceTree = "<group>";
		};
		601556D61E495DA700780708 /* Home */ = {
			isa = PBXGroup;
			children = (
				602790491EDFB40400985651 /* PhotoBrowser */,
				60D54AC81E6FFB1500A634C8 /* HomeModel */,
				60FFFFF91E665B940000741C /* UIPopover */,
				601556DC1E496A2800780708 /* HomeViewController.swift */,
				604AF0641E63D1C700AD3CC2 /* Home.storyboard */,
				608677261E77BAF6005A9FC7 /* HomeViewCell.swift */,
				603251BF1E820D830078D17A /* PicCollectionView.swift */,
			);
			path = Home;
			sourceTree = "<group>";
		};
		601556D71E495DA700780708 /* Main */ = {
			isa = PBXGroup;
			children = (
				60A5E27A1E6F9F050015585D /* Welcome */,
				603416131E691413007C6CEB /* OAuth */,
				60FFFFEC1E6510B10000741C /* Visitor */,
				601556E61E49997400780708 /* Resource */,
				601556DA1E495FCE00780708 /* MainViewController.swift */,
			);
			path = Main;
			sourceTree = "<group>";
		};
		601556D81E495DA700780708 /* Message */ = {
			isa = PBXGroup;
			children = (
				601556E01E496A4900780708 /* MessageViewController.swift */,
				604AF0671E63D20800AD3CC2 /* Message.storyboard */,
			);
			path = Message;
			sourceTree = "<group>";
		};
		601556D91E495DA700780708 /* Profile */ = {
			isa = PBXGroup;
			children = (
				601556E21E496A5C00780708 /* ProfileViewController.swift */,
				604AF06C1E63D25000AD3CC2 /* Profile.storyboard */,
			);
			path = Profile;
			sourceTree = "<group>";
		};
		601556E61E49997400780708 /* Resource */ = {
			isa = PBXGroup;
			children = (
				601556E91E4999D600780708 /* MainVCSettings.json */,
			);
			path = Resource;
			sourceTree = "<group>";
		};
		602790491EDFB40400985651 /* PhotoBrowser */ = {
			isa = PBXGroup;
			children = (
				6049BC691EE94657009A9D90 /* PhotoBrowserAnimator.swift */,
				6027904A1EDFB43800985651 /* PhotoBrowserViewController.swift */,
				6027904C1EE003CC00985651 /* PhotoBrowserCollectionViewCell.swift */,
				6049BC061EE6589F009A9D90 /* ProgressView.swift */,
			);
			path = PhotoBrowser;
			sourceTree = "<group>";
		};
		602E9E271ECBEB0300D25320 /* Compose */ = {
			isa = PBXGroup;
			children = (
				602E9E371ECE950B00D25320 /* Emoticon */,
				602E9E301ECD418E00D25320 /* PicPicker */,
				602E9E281ECBEB4500D25320 /* ComposeViewController.swift */,
				602E9E291ECBEB4500D25320 /* ComposeViewController.xib */,
				602E9E2C1ECBF38500D25320 /* ComposeTitleView.swift */,
				602E9E2E1ECC1D0500D25320 /* ComposeTextView.swift */,
			);
			path = Compose;
			sourceTree = "<group>";
		};
		602E9E301ECD418E00D25320 /* PicPicker */ = {
			isa = PBXGroup;
			children = (
				602E9E311ECD41BF00D25320 /* PicPickerCollectionView.swift */,
				602E9E331ECD81A800D25320 /* PictureCollectionViewCell.swift */,
				602E9E341ECD81A800D25320 /* PictureCollectionViewCell.xib */,
			);
			path = PicPicker;
			sourceTree = "<group>";
		};
		602E9E371ECE950B00D25320 /* Emoticon */ = {
			isa = PBXGroup;
			children = (
				602E9E3C1ED27CAF00D25320 /* Model */,
				602E9E381ECE952F00D25320 /* EmoticonViewController.swift */,
				602E9E431ED28DBD00D25320 /* EmoticonCollectionViewCell.swift */,
				602E9E451ED2D93D00D25320 /* EmoticonAttachment.swift */,
				6027900B1ED6D07D00985651 /* UITextView-Extension.swift */,
				602790471EDE95EF00985651 /* FIndEmoticon.swift */,
				602E9E3A1ED27C6D00D25320 /* Emoticons.bundle */,
			);
			path = Emoticon;
			sourceTree = "<group>";
		};
		602E9E3C1ED27CAF00D25320 /* Model */ = {
			isa = PBXGroup;
			children = (
				602E9E3D1ED27CE400D25320 /* EmoticomPackage.swift */,
				602E9E3F1ED27D1A00D25320 /* EmoticonManager.swift */,
				602E9E411ED27D3200D25320 /* Emoticon.swift */,
			);
			path = Model;
			sourceTree = "<group>";
		};
		603416131E691413007C6CEB /* OAuth */ = {
			isa = PBXGroup;
			children = (
				603416141E69143A007C6CEB /* OAuthViewController.swift */,
				603416151E69143A007C6CEB /* OAuthViewController.xib */,
				60C2777F1E6CF86A008F5083 /* UserAccount.swift */,
				60A5E2781E6F91CE0015585D /* UserAccountViewModel.swift */,
			);
			path = OAuth;
			sourceTree = "<group>";
		};
		604AF06E1E640CEF00AD3CC2 /* Tools */ = {
			isa = PBXGroup;
			children = (
				604AF06F1E640CEF00AD3CC2 /* Catory */,
				60FF00061E67EADA0000741C /* NetworkTools.swift */,
			);
			path = Tools;
			sourceTree = "<group>";
		};
		604AF06F1E640CEF00AD3CC2 /* Catory */ = {
			isa = PBXGroup;
			children = (
				604AF0701E640D2D00AD3CC2 /* UIButton-backImage.swift */,
				60FFFFF51E656FC50000741C /* UIBarButtonItem-Extension.swift */,
				60FFFFF71E657C0E0000741C /* TitleButton.swift */,
				60FF00021E666DE20000741C /* WxkPch.swift */,
				60D54ACB1E70EF6000A634C8 /* Date-Extension.swift */,
			);
			path = Catory;
			sourceTree = "<group>";
		};
		60A5E27A1E6F9F050015585D /* Welcome */ = {
			isa = PBXGroup;
			children = (
				60A5E27B1E6F9F280015585D /* WelcomeViewController.swift */,
				60A5E27C1E6F9F280015585D /* WelcomeViewController.xib */,
			);
			path = Welcome;
			sourceTree = "<group>";
		};
		60D54AC81E6FFB1500A634C8 /* HomeModel */ = {
			isa = PBXGroup;
			children = (
				60D54AC91E6FFBB100A634C8 /* Status.swift */,
				60D54ACD1E727E1000A634C8 /* User.swift */,
				60D54ACF1E7297F000A634C8 /* StatusViewModel.swift */,
			);
			path = HomeModel;
			sourceTree = "<group>";
		};
		60FFFFEC1E6510B10000741C /* Visitor */ = {
			isa = PBXGroup;
			children = (
				60FFFFEF1E6519550000741C /* BaseViewController.swift */,
				60FFFFF11E651BAF0000741C /* VisitorView.swift */,
				60FFFFF31E651BBA0000741C /* VisitorView.xib */,
			);
			path = Visitor;
			sourceTree = "<group>";
		};
		60FFFFF91E665B940000741C /* UIPopover */ = {
			isa = PBXGroup;
			children = (
				60FFFFFA1E665BCE0000741C /* PopoverViewController.swift */,
				60FFFFFB1E665BCE0000741C /* PopoverViewController.xib */,
				60FFFFFE1E6669140000741C /* WxkPresentationController.swift */,
				60FF00041E66A7820000741C /* PopoverAnimator.swift */,
			);
			path = UIPopover;
			sourceTree = "<group>";
		};
/* End PBXGroup section */

/* Begin PBXNativeTarget section */
		601556A21E4872D400780708 /* WeiBo */ = {
			isa = PBXNativeTarget;
			buildConfigurationList = 601556CB1E4872D400780708 /* Build configuration list for PBXNativeTarget "WeiBo" */;
			buildPhases = (
				D37FBF1C0EC0B20983CB9A9E /* [CP] Check Pods Manifest.lock */,
				6015569F1E4872D400780708 /* Sources */,
				601556A01E4872D400780708 /* Frameworks */,
				601556A11E4872D400780708 /* Resources */,
				691BAA515BD87AF37FA9CA00 /* [CP] Embed Pods Frameworks */,
				1463794EBE6E26AB0FF28DEB /* [CP] Copy Pods Resources */,
			);
			buildRules = (
			);
			dependencies = (
			);
			name = WeiBo;
			productName = WeiBo;
			productReference = 601556A31E4872D400780708 /* WeiBo.app */;
			productType = "com.apple.product-type.application";
		};
		601556B61E4872D400780708 /* WeiBoTests */ = {
			isa = PBXNativeTarget;
			buildConfigurationList = 601556CE1E4872D400780708 /* Build configuration list for PBXNativeTarget "WeiBoTests" */;
			buildPhases = (
				601556B31E4872D400780708 /* Sources */,
				601556B41E4872D400780708 /* Frameworks */,
				601556B51E4872D400780708 /* Resources */,
			);
			buildRules = (
			);
			dependencies = (
				601556B91E4872D400780708 /* PBXTargetDependency */,
			);
			name = WeiBoTests;
			productName = WeiBoTests;
			productReference = 601556B71E4872D400780708 /* WeiBoTests.xctest */;
			productType = "com.apple.product-type.bundle.unit-test";
		};
		601556C11E4872D400780708 /* WeiBoUITests */ = {
			isa = PBXNativeTarget;
			buildConfigurationList = 601556D11E4872D400780708 /* Build configuration list for PBXNativeTarget "WeiBoUITests" */;
			buildPhases = (
				601556BE1E4872D400780708 /* Sources */,
				601556BF1E4872D400780708 /* Frameworks */,
				601556C01E4872D400780708 /* Resources */,
			);
			buildRules = (
			);
			dependencies = (
				601556C41E4872D400780708 /* PBXTargetDependency */,
			);
			name = WeiBoUITests;
			productName = WeiBoUITests;
			productReference = 601556C21E4872D400780708 /* WeiBoUITests.xctest */;
			productType = "com.apple.product-type.bundle.ui-testing";
		};
/* End PBXNativeTarget section */

/* Begin PBXProject section */
		6015569B1E4872D400780708 /* Project object */ = {
			isa = PBXProject;
			attributes = {
				LastSwiftUpdateCheck = 0800;
				LastUpgradeCheck = 0800;
				ORGANIZATIONNAME = xiaokai.wang;
				TargetAttributes = {
					601556A21E4872D400780708 = {
						CreatedOnToolsVersion = 8.0;
						DevelopmentTeam = Y7H5W7AZLD;
						ProvisioningStyle = Automatic;
					};
					601556B61E4872D400780708 = {
						CreatedOnToolsVersion = 8.0;
						ProvisioningStyle = Automatic;
						TestTargetID = 601556A21E4872D400780708;
					};
					601556C11E4872D400780708 = {
						CreatedOnToolsVersion = 8.0;
						ProvisioningStyle = Automatic;
						TestTargetID = 601556A21E4872D400780708;
					};
				};
			};
			buildConfigurationList = 6015569E1E4872D400780708 /* Build configuration list for PBXProject "WeiBo" */;
			compatibilityVersion = "Xcode 3.2";
			developmentRegion = English;
			hasScannedForEncodings = 0;
			knownRegions = (
				en,
				Base,
			);
			mainGroup = 6015569A1E4872D400780708;
			productRefGroup = 601556A41E4872D400780708 /* Products */;
			projectDirPath = "";
			projectRoot = "";
			targets = (
				601556A21E4872D400780708 /* WeiBo */,
				601556B61E4872D400780708 /* WeiBoTests */,
				601556C11E4872D400780708 /* WeiBoUITests */,
			);
		};
/* End PBXProject section */

/* Begin PBXResourcesBuildPhase section */
		601556A11E4872D400780708 /* Resources */ = {
			isa = PBXResourcesBuildPhase;
			buildActionMask = 2147483647;
			files = (
				602E9E2B1ECBEB4500D25320 /* ComposeViewController.xib in Resources */,
				601556B11E4872D400780708 /* LaunchScreen.storyboard in Resources */,
				604AF0661E63D1C700AD3CC2 /* Home.storyboard in Resources */,
				604AF06D1E63D25000AD3CC2 /* Profile.storyboard in Resources */,
				602E9E3B1ED27C6D00D25320 /* Emoticons.bundle in Resources */,
				601556AE1E4872D400780708 /* Assets.xcassets in Resources */,
				60FFFFFD1E665BCE0000741C /* PopoverViewController.xib in Resources */,
				60A5E27E1E6F9F280015585D /* WelcomeViewController.xib in Resources */,
				602E9E361ECD81A800D25320 /* PictureCollectionViewCell.xib in Resources */,
				601556EA1E4999D600780708 /* MainVCSettings.json in Resources */,
				603416171E69143A007C6CEB /* OAuthViewController.xib in Resources */,
				604AF0681E63D20800AD3CC2 /* Message.storyboard in Resources */,
				604AF06B1E63D23500AD3CC2 /* Discover.storyboard in Resources */,
				601556AC1E4872D400780708 /* Main.storyboard in Resources */,
				60FFFFF41E651BBA0000741C /* VisitorView.xib in Resources */,
			);
			runOnlyForDeploymentPostprocessing = 0;
		};
		601556B51E4872D400780708 /* Resources */ = {
			isa = PBXResourcesBuildPhase;
			buildActionMask = 2147483647;
			files = (
			);
			runOnlyForDeploymentPostprocessing = 0;
		};
		601556C01E4872D400780708 /* Resources */ = {
			isa = PBXResourcesBuildPhase;
			buildActionMask = 2147483647;
			files = (
			);
			runOnlyForDeploymentPostprocessing = 0;
		};
/* End PBXResourcesBuildPhase section */

/* Begin PBXShellScriptBuildPhase section */
		1463794EBE6E26AB0FF28DEB /* [CP] Copy Pods Resources */ = {
			isa = PBXShellScriptBuildPhase;
			buildActionMask = 2147483647;
			files = (
			);
			inputPaths = (
			);
			name = "[CP] Copy Pods Resources";
			outputPaths = (
			);
			runOnlyForDeploymentPostprocessing = 0;
			shellPath = /bin/sh;
			shellScript = "\"${SRCROOT}/Pods/Target Support Files/Pods-WeiBo/Pods-WeiBo-resources.sh\"\n";
			showEnvVarsInLog = 0;
		};
		691BAA515BD87AF37FA9CA00 /* [CP] Embed Pods Frameworks */ = {
			isa = PBXShellScriptBuildPhase;
			buildActionMask = 2147483647;
			files = (
			);
			inputPaths = (
			);
			name = "[CP] Embed Pods Frameworks";
			outputPaths = (
			);
			runOnlyForDeploymentPostprocessing = 0;
			shellPath = /bin/sh;
			shellScript = "\"${SRCROOT}/Pods/Target Support Files/Pods-WeiBo/Pods-WeiBo-frameworks.sh\"\n";
			showEnvVarsInLog = 0;
		};
		D37FBF1C0EC0B20983CB9A9E /* [CP] Check Pods Manifest.lock */ = {
			isa = PBXShellScriptBuildPhase;
			buildActionMask = 2147483647;
			files = (
			);
			inputPaths = (
			);
			name = "[CP] Check Pods Manifest.lock";
			outputPaths = (
			);
			runOnlyForDeploymentPostprocessing = 0;
			shellPath = /bin/sh;
			shellScript = "diff \"${PODS_PODFILE_DIR_PATH}/Podfile.lock\" \"${PODS_ROOT}/Manifest.lock\" > /dev/null\nif [ $? != 0 ] ; then\n    # print error to STDERR\n    echo \"error: The sandbox is not in sync with the Podfile.lock. Run 'pod install' or update your CocoaPods installation.\" >&2\n    exit 1\nfi\n";
			showEnvVarsInLog = 0;
		};
/* End PBXShellScriptBuildPhase section */

/* Begin PBXSourcesBuildPhase section */
		6015569F1E4872D400780708 /* Sources */ = {
			isa = PBXSourcesBuildPhase;
			buildActionMask = 2147483647;
			files = (
				60FFFFF61E656FC50000741C /* UIBarButtonItem-Extension.swift in Sources */,
				60A5E27D1E6F9F280015585D /* WelcomeViewController.swift in Sources */,
				60D54ACA1E6FFBB100A634C8 /* Status.swift in Sources */,
				602E9E321ECD41BF00D25320 /* PicPickerCollectionView.swift in Sources */,
				601556E31E496A5C00780708 /* ProfileViewController.swift in Sources */,
				602E9E2D1ECBF38500D25320 /* ComposeTitleView.swift in Sources */,
				6027904D1EE003CC00985651 /* PhotoBrowserCollectionViewCell.swift in Sources */,
				602E9E421ED27D3200D25320 /* Emoticon.swift in Sources */,
				60C277801E6CF86A008F5083 /* UserAccount.swift in Sources */,
				601556A71E4872D400780708 /* AppDelegate.swift in Sources */,
				602790481EDE95EF00985651 /* FIndEmoticon.swift in Sources */,
				6049BC6A1EE94657009A9D90 /* PhotoBrowserAnimator.swift in Sources */,
				6049BC071EE6589F009A9D90 /* ProgressView.swift in Sources */,
				603416161E69143A007C6CEB /* OAuthViewController.swift in Sources */,
				602E9E401ED27D1A00D25320 /* EmoticonManager.swift in Sources */,
				6027900C1ED6D07D00985651 /* UITextView-Extension.swift in Sources */,
				602E9E3E1ED27CE400D25320 /* EmoticomPackage.swift in Sources */,
				60A5E2791E6F91CE0015585D /* UserAccountViewModel.swift in Sources */,
				601556DF1E496A3900780708 /* DiscoverViewController.swift in Sources */,
				602E9E2A1ECBEB4500D25320 /* ComposeViewController.swift in Sources */,
				60FFFFFC1E665BCE0000741C /* PopoverViewController.swift in Sources */,
				602E9E441ED28DBD00D25320 /* EmoticonCollectionViewCell.swift in Sources */,
				60FFFFF81E657C0E0000741C /* TitleButton.swift in Sources */,
				601556DB1E495FCE00780708 /* MainViewController.swift in Sources */,
				601556DD1E496A2800780708 /* HomeViewController.swift in Sources */,
				60FF00071E67EADA0000741C /* NetworkTools.swift in Sources */,
				602E9E2F1ECC1D0500D25320 /* ComposeTextView.swift in Sources */,
				6027904B1EDFB43800985651 /* PhotoBrowserViewController.swift in Sources */,
				60FFFFF01E6519550000741C /* BaseViewController.swift in Sources */,
				60D54ACC1E70EF6000A634C8 /* Date-Extension.swift in Sources */,
				602E9E391ECE952F00D25320 /* EmoticonViewController.swift in Sources */,
				602E9E461ED2D93D00D25320 /* EmoticonAttachment.swift in Sources */,
				602E9E351ECD81A800D25320 /* PictureCollectionViewCell.swift in Sources */,
				60D54AD01E7297F000A634C8 /* StatusViewModel.swift in Sources */,
				608677271E77BAF6005A9FC7 /* HomeViewCell.swift in Sources */,
				60FFFFF21E651BAF0000741C /* VisitorView.swift in Sources */,
				603251C01E820D830078D17A /* PicCollectionView.swift in Sources */,
				60FF00051E66A7820000741C /* PopoverAnimator.swift in Sources */,
				60FF00031E666DE20000741C /* WxkPch.swift in Sources */,
				60FFFFFF1E6669140000741C /* WxkPresentationController.swift in Sources */,
				604AF0711E640D2D00AD3CC2 /* UIButton-backImage.swift in Sources */,
				601556E11E496A4900780708 /* MessageViewController.swift in Sources */,
				60D54ACE1E727E1000A634C8 /* User.swift in Sources */,
			);
			runOnlyForDeploymentPostprocessing = 0;
		};
		601556B31E4872D400780708 /* Sources */ = {
			isa = PBXSourcesBuildPhase;
			buildActionMask = 2147483647;
			files = (
				601556BC1E4872D400780708 /* WeiBoTests.swift in Sources */,
			);
			runOnlyForDeploymentPostprocessing = 0;
		};
		601556BE1E4872D400780708 /* Sources */ = {
			isa = PBXSourcesBuildPhase;
			buildActionMask = 2147483647;
			files = (
				601556C71E4872D400780708 /* WeiBoUITests.swift in Sources */,
			);
			runOnlyForDeploymentPostprocessing = 0;
		};
/* End PBXSourcesBuildPhase section */

/* Begin PBXTargetDependency section */
		601556B91E4872D400780708 /* PBXTargetDependency */ = {
			isa = PBXTargetDependency;
			target = 601556A21E4872D400780708 /* WeiBo */;
			targetProxy = 601556B81E4872D400780708 /* PBXContainerItemProxy */;
		};
		601556C41E4872D400780708 /* PBXTargetDependency */ = {
			isa = PBXTargetDependency;
			target = 601556A21E4872D400780708 /* WeiBo */;
			targetProxy = 601556C31E4872D400780708 /* PBXContainerItemProxy */;
		};
/* End PBXTargetDependency section */

/* Begin PBXVariantGroup section */
		601556AA1E4872D400780708 /* Main.storyboard */ = {
			isa = PBXVariantGroup;
			children = (
				601556AB1E4872D400780708 /* Base */,
			);
			name = Main.storyboard;
			sourceTree = "<group>";
		};
		601556AF1E4872D400780708 /* LaunchScreen.storyboard */ = {
			isa = PBXVariantGroup;
			children = (
				601556B01E4872D400780708 /* Base */,
			);
			name = LaunchScreen.storyboard;
			sourceTree = "<group>";
		};
		604AF0641E63D1C700AD3CC2 /* Home.storyboard */ = {
			isa = PBXVariantGroup;
			children = (
				604AF0651E63D1C700AD3CC2 /* Base */,
			);
			name = Home.storyboard;
			path = ../..;
			sourceTree = "<group>";
		};
		604AF0691E63D23500AD3CC2 /* Discover.storyboard */ = {
			isa = PBXVariantGroup;
			children = (
				604AF06A1E63D23500AD3CC2 /* Base */,
			);
			name = Discover.storyboard;
			path = ../..;
			sourceTree = "<group>";
		};
/* End PBXVariantGroup section */

/* Begin XCBuildConfiguration section */
		601556C91E4872D400780708 /* Debug */ = {
			isa = XCBuildConfiguration;
			buildSettings = {
				ALWAYS_SEARCH_USER_PATHS = NO;
				CLANG_ANALYZER_NONNULL = YES;
				CLANG_CXX_LANGUAGE_STANDARD = "gnu++0x";
				CLANG_CXX_LIBRARY = "libc++";
				CLANG_ENABLE_MODULES = YES;
				CLANG_ENABLE_OBJC_ARC = YES;
				CLANG_WARN_BOOL_CONVERSION = YES;
				CLANG_WARN_CONSTANT_CONVERSION = YES;
				CLANG_WARN_DIRECT_OBJC_ISA_USAGE = YES_ERROR;
				CLANG_WARN_DOCUMENTATION_COMMENTS = YES;
				CLANG_WARN_EMPTY_BODY = YES;
				CLANG_WARN_ENUM_CONVERSION = YES;
				CLANG_WARN_INFINITE_RECURSION = YES;
				CLANG_WARN_INT_CONVERSION = YES;
				CLANG_WARN_OBJC_ROOT_CLASS = YES_ERROR;
				CLANG_WARN_SUSPICIOUS_MOVES = YES;
				CLANG_WARN_UNREACHABLE_CODE = YES;
				CLANG_WARN__DUPLICATE_METHOD_MATCH = YES;
				"CODE_SIGN_IDENTITY[sdk=iphoneos*]" = "iPhone Developer";
				COPY_PHASE_STRIP = NO;
				DEBUG_INFORMATION_FORMAT = dwarf;
				ENABLE_STRICT_OBJC_MSGSEND = YES;
				ENABLE_TESTABILITY = YES;
				GCC_C_LANGUAGE_STANDARD = gnu99;
				GCC_DYNAMIC_NO_PIC = NO;
				GCC_NO_COMMON_BLOCKS = YES;
				GCC_OPTIMIZATION_LEVEL = 0;
				GCC_PREPROCESSOR_DEFINITIONS = (
					"DEBUG=1",
					"$(inherited)",
				);
				GCC_WARN_64_TO_32_BIT_CONVERSION = YES;
				GCC_WARN_ABOUT_RETURN_TYPE = YES_ERROR;
				GCC_WARN_UNDECLARED_SELECTOR = YES;
				GCC_WARN_UNINITIALIZED_AUTOS = YES_AGGRESSIVE;
				GCC_WARN_UNUSED_FUNCTION = YES;
				GCC_WARN_UNUSED_VARIABLE = YES;
				IPHONEOS_DEPLOYMENT_TARGET = 10.0;
				MTL_ENABLE_DEBUG_INFO = YES;
				ONLY_ACTIVE_ARCH = YES;
				SDKROOT = iphoneos;
				SWIFT_ACTIVE_COMPILATION_CONDITIONS = DEBUG;
				SWIFT_OPTIMIZATION_LEVEL = "-Onone";
				TARGETED_DEVICE_FAMILY = "1,2";
			};
			name = Debug;
		};
		601556CA1E4872D400780708 /* Release */ = {
			isa = XCBuildConfiguration;
			buildSettings = {
				ALWAYS_SEARCH_USER_PATHS = NO;
				CLANG_ANALYZER_NONNULL = YES;
				CLANG_CXX_LANGUAGE_STANDARD = "gnu++0x";
				CLANG_CXX_LIBRARY = "libc++";
				CLANG_ENABLE_MODULES = YES;
				CLANG_ENABLE_OBJC_ARC = YES;
				CLANG_WARN_BOOL_CONVERSION = YES;
				CLANG_WARN_CONSTANT_CONVERSION = YES;
				CLANG_WARN_DIRECT_OBJC_ISA_USAGE = YES_ERROR;
				CLANG_WARN_DOCUMENTATION_COMMENTS = YES;
				CLANG_WARN_EMPTY_BODY = YES;
				CLANG_WARN_ENUM_CONVERSION = YES;
				CLANG_WARN_INFINITE_RECURSION = YES;
				CLANG_WARN_INT_CONVERSION = YES;
				CLANG_WARN_OBJC_ROOT_CLASS = YES_ERROR;
				CLANG_WARN_SUSPICIOUS_MOVES = YES;
				CLANG_WARN_UNREACHABLE_CODE = YES;
				CLANG_WARN__DUPLICATE_METHOD_MATCH = YES;
				"CODE_SIGN_IDENTITY[sdk=iphoneos*]" = "iPhone Developer";
				COPY_PHASE_STRIP = NO;
				DEBUG_INFORMATION_FORMAT = "dwarf-with-dsym";
				ENABLE_NS_ASSERTIONS = NO;
				ENABLE_STRICT_OBJC_MSGSEND = YES;
				GCC_C_LANGUAGE_STANDARD = gnu99;
				GCC_NO_COMMON_BLOCKS = YES;
				GCC_WARN_64_TO_32_BIT_CONVERSION = YES;
				GCC_WARN_ABOUT_RETURN_TYPE = YES_ERROR;
				GCC_WARN_UNDECLARED_SELECTOR = YES;
				GCC_WARN_UNINITIALIZED_AUTOS = YES_AGGRESSIVE;
				GCC_WARN_UNUSED_FUNCTION = YES;
				GCC_WARN_UNUSED_VARIABLE = YES;
				IPHONEOS_DEPLOYMENT_TARGET = 10.0;
				MTL_ENABLE_DEBUG_INFO = NO;
				SDKROOT = iphoneos;
				SWIFT_OPTIMIZATION_LEVEL = "-Owholemodule";
				TARGETED_DEVICE_FAMILY = "1,2";
				VALIDATE_PRODUCT = YES;
			};
			name = Release;
		};
		601556CC1E4872D400780708 /* Debug */ = {
			isa = XCBuildConfiguration;
			baseConfigurationReference = 68FA7913325AB7FA3BAE31B9 /* Pods-WeiBo.debug.xcconfig */;
			buildSettings = {
				ASSETCATALOG_COMPILER_APPICON_NAME = AppIcon;
				ASSETCATALOG_COMPILER_LAUNCHIMAGE_NAME = LaunchImage;
				"CODE_SIGN_IDENTITY[sdk=iphoneos*]" = "iPhone Developer";
				DEVELOPMENT_TEAM = Y7H5W7AZLD;
				INFOPLIST_FILE = WeiBo/Info.plist;
				IPHONEOS_DEPLOYMENT_TARGET = 9.1;
				LD_RUNPATH_SEARCH_PATHS = "$(inherited) @executable_path/Frameworks";
				"OTHER_SWIFT_FLAGS[arch=*]" = "-D DEBUG";
				PRODUCT_BUNDLE_IDENTIFIER = xiaokai.wang.WeiBo;
				PRODUCT_NAME = "$(TARGET_NAME)";
				SWIFT_VERSION = 3.0;
				TARGETED_DEVICE_FAMILY = 1;
			};
			name = Debug;
		};
		601556CD1E4872D400780708 /* Release */ = {
			isa = XCBuildConfiguration;
			baseConfigurationReference = CCDEF3D7D23090999D84E23A /* Pods-WeiBo.release.xcconfig */;
			buildSettings = {
				ASSETCATALOG_COMPILER_APPICON_NAME = AppIcon;
				ASSETCATALOG_COMPILER_LAUNCHIMAGE_NAME = LaunchImage;
				"CODE_SIGN_IDENTITY[sdk=iphoneos*]" = "iPhone Developer";
				DEVELOPMENT_TEAM = Y7H5W7AZLD;
				INFOPLIST_FILE = WeiBo/Info.plist;
				IPHONEOS_DEPLOYMENT_TARGET = 9.1;
				LD_RUNPATH_SEARCH_PATHS = "$(inherited) @executable_path/Frameworks";
				PRODUCT_BUNDLE_IDENTIFIER = xiaokai.wang.WeiBo;
				PRODUCT_NAME = "$(TARGET_NAME)";
				SWIFT_VERSION = 3.0;
				TARGETED_DEVICE_FAMILY = 1;
			};
			name = Release;
		};
		601556CF1E4872D400780708 /* Debug */ = {
			isa = XCBuildConfiguration;
			buildSettings = {
				ALWAYS_EMBED_SWIFT_STANDARD_LIBRARIES = YES;
				BUNDLE_LOADER = "$(TEST_HOST)";
				INFOPLIST_FILE = WeiBoTests/Info.plist;
				LD_RUNPATH_SEARCH_PATHS = "$(inherited) @executable_path/Frameworks @loader_path/Frameworks";
				PRODUCT_BUNDLE_IDENTIFIER = xiaokai.wang.WeiBoTests;
				PRODUCT_NAME = "$(TARGET_NAME)";
				SWIFT_VERSION = 3.0;
				TEST_HOST = "$(BUILT_PRODUCTS_DIR)/WeiBo.app/WeiBo";
			};
			name = Debug;
		};
		601556D01E4872D400780708 /* Release */ = {
			isa = XCBuildConfiguration;
			buildSettings = {
				ALWAYS_EMBED_SWIFT_STANDARD_LIBRARIES = YES;
				BUNDLE_LOADER = "$(TEST_HOST)";
				INFOPLIST_FILE = WeiBoTests/Info.plist;
				LD_RUNPATH_SEARCH_PATHS = "$(inherited) @executable_path/Frameworks @loader_path/Frameworks";
				PRODUCT_BUNDLE_IDENTIFIER = xiaokai.wang.WeiBoTests;
				PRODUCT_NAME = "$(TARGET_NAME)";
				SWIFT_VERSION = 3.0;
				TEST_HOST = "$(BUILT_PRODUCTS_DIR)/WeiBo.app/WeiBo";
			};
			name = Release;
		};
		601556D21E4872D400780708 /* Debug */ = {
			isa = XCBuildConfiguration;
			buildSettings = {
				ALWAYS_EMBED_SWIFT_STANDARD_LIBRARIES = YES;
				INFOPLIST_FILE = WeiBoUITests/Info.plist;
				LD_RUNPATH_SEARCH_PATHS = "$(inherited) @executable_path/Frameworks @loader_path/Frameworks";
				PRODUCT_BUNDLE_IDENTIFIER = xiaokai.wang.WeiBoUITests;
				PRODUCT_NAME = "$(TARGET_NAME)";
				SWIFT_VERSION = 3.0;
				TEST_TARGET_NAME = WeiBo;
			};
			name = Debug;
		};
		601556D31E4872D400780708 /* Release */ = {
			isa = XCBuildConfiguration;
			buildSettings = {
				ALWAYS_EMBED_SWIFT_STANDARD_LIBRARIES = YES;
				INFOPLIST_FILE = WeiBoUITests/Info.plist;
				LD_RUNPATH_SEARCH_PATHS = "$(inherited) @executable_path/Frameworks @loader_path/Frameworks";
				PRODUCT_BUNDLE_IDENTIFIER = xiaokai.wang.WeiBoUITests;
				PRODUCT_NAME = "$(TARGET_NAME)";
				SWIFT_VERSION = 3.0;
				TEST_TARGET_NAME = WeiBo;
			};
			name = Release;
		};
/* End XCBuildConfiguration section */

/* Begin XCConfigurationList section */
		6015569E1E4872D400780708 /* Build configuration list for PBXProject "WeiBo" */ = {
			isa = XCConfigurationList;
			buildConfigurations = (
				601556C91E4872D400780708 /* Debug */,
				601556CA1E4872D400780708 /* Release */,
			);
			defaultConfigurationIsVisible = 0;
			defaultConfigurationName = Release;
		};
		601556CB1E4872D400780708 /* Build configuration list for PBXNativeTarget "WeiBo" */ = {
			isa = XCConfigurationList;
			buildConfigurations = (
				601556CC1E4872D400780708 /* Debug */,
				601556CD1E4872D400780708 /* Release */,
			);
			defaultConfigurationIsVisible = 0;
			defaultConfigurationName = Release;
		};
		601556CE1E4872D400780708 /* Build configuration list for PBXNativeTarget "WeiBoTests" */ = {
			isa = XCConfigurationList;
			buildConfigurations = (
				601556CF1E4872D400780708 /* Debug */,
				601556D01E4872D400780708 /* Release */,
			);
			defaultConfigurationIsVisible = 0;
			defaultConfigurationName = Release;
		};
		601556D11E4872D400780708 /* Build configuration list for PBXNativeTarget "WeiBoUITests" */ = {
			isa = XCConfigurationList;
			buildConfigurations = (
				601556D21E4872D400780708 /* Debug */,
				601556D31E4872D400780708 /* Release */,
			);
			defaultConfigurationIsVisible = 0;
			defaultConfigurationName = Release;
		};
/* End XCConfigurationList section */
	};
	rootObject = 6015569B1E4872D400780708 /* Project object */;
}
